// !$*UTF8*$!
{
	archiveVersion = 1;
	classes = {
	};
	objectVersion = 50;
	objects = {

/* Begin PBXBuildFile section */
		6F09B6E120F168860002F385 /* Cartfile in Resources */ = {isa = PBXBuildFile; fileRef = 6F09B6E020F168860002F385 /* Cartfile */; };
		6F09B6E320F16A8E0002F385 /* Kingfisher.framework in Frameworks */ = {isa = PBXBuildFile; fileRef = 6F09B6E220F16A8E0002F385 /* Kingfisher.framework */; };
		6F30434820F2179F001D4151 /* IMGImageCacheManager+Helpers.swift in Sources */ = {isa = PBXBuildFile; fileRef = 6F30434720F2179F001D4151 /* IMGImageCacheManager+Helpers.swift */; };
		6F30434D20F219E6001D4151 /* ImageCacheManagerTests.swift in Sources */ = {isa = PBXBuildFile; fileRef = 6F30434C20F219E6001D4151 /* ImageCacheManagerTests.swift */; };
		6F30434F20F21A1C001D4151 /* TestImageCacheManager.swift in Sources */ = {isa = PBXBuildFile; fileRef = 6F30434E20F21A1C001D4151 /* TestImageCacheManager.swift */; };
		6F30435120F21E13001D4151 /* TestCancelable.swift in Sources */ = {isa = PBXBuildFile; fileRef = 6F30435020F21E13001D4151 /* TestCancelable.swift */; };
		6F30435320F22242001D4151 /* NetworkManagerTests.swift in Sources */ = {isa = PBXBuildFile; fileRef = 6F30435220F22242001D4151 /* NetworkManagerTests.swift */; };
		6F30435720F22E34001D4151 /* IMGContentManager.swift in Sources */ = {isa = PBXBuildFile; fileRef = 6F30435620F22E34001D4151 /* IMGContentManager.swift */; };
		6F30435920F22EF4001D4151 /* IMGContentManager+Helpers.swift in Sources */ = {isa = PBXBuildFile; fileRef = 6F30435820F22EF4001D4151 /* IMGContentManager+Helpers.swift */; };
		6F30435B20F238D9001D4151 /* ContentManagerTests.swift in Sources */ = {isa = PBXBuildFile; fileRef = 6F30435A20F238D9001D4151 /* ContentManagerTests.swift */; };
		6F30435F20F239FA001D4151 /* XCTestCase+Extra.swift in Sources */ = {isa = PBXBuildFile; fileRef = 6F30435E20F239FA001D4151 /* XCTestCase+Extra.swift */; };
		6F30436120F23A63001D4151 /* ContentItem.json in Resources */ = {isa = PBXBuildFile; fileRef = 6F30436020F23A63001D4151 /* ContentItem.json */; };
		6F30436320F240C3001D4151 /* ContentResponse.json in Resources */ = {isa = PBXBuildFile; fileRef = 6F30436220F23E4E001D4151 /* ContentResponse.json */; };
		6F30436520F24245001D4151 /* TestContentManager.swift in Sources */ = {isa = PBXBuildFile; fileRef = 6F30436420F24245001D4151 /* TestContentManager.swift */; };
		6F36EC0520F1760D001E54AF /* IMGNetworkService.swift in Sources */ = {isa = PBXBuildFile; fileRef = 6F36EC0420F1760D001E54AF /* IMGNetworkService.swift */; };
		6F36EC0A20F177D2001E54AF /* IMGCancelable.swift in Sources */ = {isa = PBXBuildFile; fileRef = 6F36EC0920F177D2001E54AF /* IMGCancelable.swift */; };
		6F36EC0E20F17C7D001E54AF /* IMGLocalizedError.swift in Sources */ = {isa = PBXBuildFile; fileRef = 6F36EC0D20F17C7D001E54AF /* IMGLocalizedError.swift */; };
		6F36EC1020F17F0A001E54AF /* URLComponents+Query.swift in Sources */ = {isa = PBXBuildFile; fileRef = 6F36EC0F20F17F0A001E54AF /* URLComponents+Query.swift */; };
		6F36EC1320F18271001E54AF /* IMGContentService.swift in Sources */ = {isa = PBXBuildFile; fileRef = 6F36EC1220F18271001E54AF /* IMGContentService.swift */; };
		6F36EC1820F1882C001E54AF /* IMGResult.swift in Sources */ = {isa = PBXBuildFile; fileRef = 6F36EC1720F1882C001E54AF /* IMGResult.swift */; };
		6F36EC1A20F191F7001E54AF /* IMGNetworkManager.swift in Sources */ = {isa = PBXBuildFile; fileRef = 6F36EC1920F191F7001E54AF /* IMGNetworkManager.swift */; };
		6F7590FB20F24995000C00F5 /* IMGHomeCoordinatorInput.swift in Sources */ = {isa = PBXBuildFile; fileRef = 6F7590FA20F24995000C00F5 /* IMGHomeCoordinatorInput.swift */; };
		6F7590FE20F24A71000C00F5 /* IMGListView.swift in Sources */ = {isa = PBXBuildFile; fileRef = 6F7590FD20F24A71000C00F5 /* IMGListView.swift */; };
		6F75910020F24BB8000C00F5 /* IMGCoordinator.swift in Sources */ = {isa = PBXBuildFile; fileRef = 6F7590FF20F24BB8000C00F5 /* IMGCoordinator.swift */; };
		6F75910220F24D8D000C00F5 /* IMGHomeViewController.swift in Sources */ = {isa = PBXBuildFile; fileRef = 6F75910120F24D8D000C00F5 /* IMGHomeViewController.swift */; };
		6F75910520F24DD4000C00F5 /* IMGHomeViewInterfaces.swift in Sources */ = {isa = PBXBuildFile; fileRef = 6F75910420F24DD4000C00F5 /* IMGHomeViewInterfaces.swift */; };
		6F75910820F25015000C00F5 /* IMGHomeItemCell.swift in Sources */ = {isa = PBXBuildFile; fileRef = 6F75910620F25015000C00F5 /* IMGHomeItemCell.swift */; };
		6F75910920F25015000C00F5 /* IMGHomeItemCell.xib in Resources */ = {isa = PBXBuildFile; fileRef = 6F75910720F25015000C00F5 /* IMGHomeItemCell.xib */; };
		6F75910B20F252CD000C00F5 /* IMGReusable.swift in Sources */ = {isa = PBXBuildFile; fileRef = 6F75910A20F252CD000C00F5 /* IMGReusable.swift */; };
		6FAEBE9F20F0FDF3005F771F /* AppDelegate.swift in Sources */ = {isa = PBXBuildFile; fileRef = 6FAEBE9E20F0FDF3005F771F /* AppDelegate.swift */; };
		6FAEBEA620F0FDF4005F771F /* Assets.xcassets in Resources */ = {isa = PBXBuildFile; fileRef = 6FAEBEA520F0FDF4005F771F /* Assets.xcassets */; };
		6FAEBEA920F0FDF4005F771F /* LaunchScreen.storyboard in Resources */ = {isa = PBXBuildFile; fileRef = 6FAEBEA720F0FDF4005F771F /* LaunchScreen.storyboard */; };
		6FC818AE20F1FE0E00478BCD /* IMGContentService+DataModels.swift in Sources */ = {isa = PBXBuildFile; fileRef = 6FC818AD20F1FE0E00478BCD /* IMGContentService+DataModels.swift */; };
		6FC818B120F2063800478BCD /* IMGImageCacheService.swift in Sources */ = {isa = PBXBuildFile; fileRef = 6FC818B020F2063800478BCD /* IMGImageCacheService.swift */; };
		6FC818B320F20B8E00478BCD /* IMGImageCacheManager.swift in Sources */ = {isa = PBXBuildFile; fileRef = 6FC818B220F20B8E00478BCD /* IMGImageCacheManager.swift */; };
		6FE5850820F25A4800F6F095 /* IMGHomePresenter.swift in Sources */ = {isa = PBXBuildFile; fileRef = 6FE5850720F25A4800F6F095 /* IMGHomePresenter.swift */; };
		6FE5850A20F25CEE00F6F095 /* IMGAlertsCoordinator.swift in Sources */ = {isa = PBXBuildFile; fileRef = 6FE5850920F25CEE00F6F095 /* IMGAlertsCoordinator.swift */; };
		6FE5850C20F2600000F6F095 /* IMGAppCoordinator.swift in Sources */ = {isa = PBXBuildFile; fileRef = 6FE5850B20F2600000F6F095 /* IMGAppCoordinator.swift */; };
		6FE5850E20F2606200F6F095 /* IMGHomeCoordinator.swift in Sources */ = {isa = PBXBuildFile; fileRef = 6FE5850D20F2606200F6F095 /* IMGHomeCoordinator.swift */; };
		6FE5851020F2632500F6F095 /* UIFont+Extra.swift in Sources */ = {isa = PBXBuildFile; fileRef = 6FE5850F20F2632500F6F095 /* UIFont+Extra.swift */; };
		6FE5851220F26AFB00F6F095 /* IMGLoadingIndicator.swift in Sources */ = {isa = PBXBuildFile; fileRef = 6FE5851120F26AFB00F6F095 /* IMGLoadingIndicator.swift */; };
		6FE5851420F26C5900F6F095 /* IMGHomeLoadingOverlay.swift in Sources */ = {isa = PBXBuildFile; fileRef = 6FE5851320F26C5900F6F095 /* IMGHomeLoadingOverlay.swift */; };
		6FE5851720F2712600F6F095 /* IMGDetailsCoordinatorInput.swift in Sources */ = {isa = PBXBuildFile; fileRef = 6FE5851620F2712600F6F095 /* IMGDetailsCoordinatorInput.swift */; };
		6FE5851A20F2718200F6F095 /* IMGDetailsViewInterfaces.swift in Sources */ = {isa = PBXBuildFile; fileRef = 6FE5851920F2718200F6F095 /* IMGDetailsViewInterfaces.swift */; };
		6FE5851C20F2738600F6F095 /* IMGDetailsViewController.swift in Sources */ = {isa = PBXBuildFile; fileRef = 6FE5851B20F2738600F6F095 /* IMGDetailsViewController.swift */; };
		6FE5852020F2759900F6F095 /* IMGDetailsTopCell.swift in Sources */ = {isa = PBXBuildFile; fileRef = 6FE5851E20F2759900F6F095 /* IMGDetailsTopCell.swift */; };
		6FE5852120F2759900F6F095 /* IMGDetailsTopCell.xib in Resources */ = {isa = PBXBuildFile; fileRef = 6FE5851F20F2759900F6F095 /* IMGDetailsTopCell.xib */; };
		6FE5852320F278FD00F6F095 /* UIImageView+Fade.swift in Sources */ = {isa = PBXBuildFile; fileRef = 6FE5852220F278FD00F6F095 /* UIImageView+Fade.swift */; };
		6FE5852620F27ADD00F6F095 /* IMGDetailsInfoCell.swift in Sources */ = {isa = PBXBuildFile; fileRef = 6FE5852420F27ADD00F6F095 /* IMGDetailsInfoCell.swift */; };
		6FE5852720F27ADD00F6F095 /* IMGDetailsInfoCell.xib in Resources */ = {isa = PBXBuildFile; fileRef = 6FE5852520F27ADD00F6F095 /* IMGDetailsInfoCell.xib */; };
		6FE5852A20F27D3800F6F095 /* IMGDetailsControlCell.swift in Sources */ = {isa = PBXBuildFile; fileRef = 6FE5852820F27D3800F6F095 /* IMGDetailsControlCell.swift */; };
		6FE5852B20F27D3800F6F095 /* IMGDetailsControlCell.xib in Resources */ = {isa = PBXBuildFile; fileRef = 6FE5852920F27D3800F6F095 /* IMGDetailsControlCell.xib */; };
		6FE5852E20F2801000F6F095 /* IMGDetailsPresenter.swift in Sources */ = {isa = PBXBuildFile; fileRef = 6FE5852D20F2801000F6F095 /* IMGDetailsPresenter.swift */; };
		6FE5853020F283BC00F6F095 /* IMGDetailsCoordinator.swift in Sources */ = {isa = PBXBuildFile; fileRef = 6FE5852F20F283BC00F6F095 /* IMGDetailsCoordinator.swift */; };
		6FE5853220F28A2900F6F095 /* README.md in Resources */ = {isa = PBXBuildFile; fileRef = 6FE5853120F28A2900F6F095 /* README.md */; };
		6FE5853520F28AED00F6F095 /* IMGFilterViewInterfaces.swift in Sources */ = {isa = PBXBuildFile; fileRef = 6FE5853420F28AED00F6F095 /* IMGFilterViewInterfaces.swift */; };
		6FE5853820F28B3B00F6F095 /* IMGFilterCoordinatorInput.swift in Sources */ = {isa = PBXBuildFile; fileRef = 6FE5853720F28B3B00F6F095 /* IMGFilterCoordinatorInput.swift */; };
		6FE5853A20F28C8400F6F095 /* IMGFilterViewController.swift in Sources */ = {isa = PBXBuildFile; fileRef = 6FE5853920F28C8400F6F095 /* IMGFilterViewController.swift */; };
		6FE5853C20F28FBD00F6F095 /* IMGFilterOptionsViewController.swift in Sources */ = {isa = PBXBuildFile; fileRef = 6FE5853B20F28FBD00F6F095 /* IMGFilterOptionsViewController.swift */; };
		6FE5853F20F292A100F6F095 /* IMGFilterPresenter.swift in Sources */ = {isa = PBXBuildFile; fileRef = 6FE5853E20F292A100F6F095 /* IMGFilterPresenter.swift */; };
		6FE5854120F2978700F6F095 /* IMGFilterCoordinator.swift in Sources */ = {isa = PBXBuildFile; fileRef = 6FE5854020F2978700F6F095 /* IMGFilterCoordinator.swift */; };
/* End PBXBuildFile section */

/* Begin PBXContainerItemProxy section */
		6FAEBEB020F0FDF4005F771F /* PBXContainerItemProxy */ = {
			isa = PBXContainerItemProxy;
			containerPortal = 6FAEBE9320F0FDF3005F771F /* Project object */;
			proxyType = 1;
			remoteGlobalIDString = 6FAEBE9A20F0FDF3005F771F;
			remoteInfo = Imagery;
		};
/* End PBXContainerItemProxy section */

/* Begin PBXFileReference section */
		6F09B6E020F168860002F385 /* Cartfile */ = {isa = PBXFileReference; fileEncoding = 4; lastKnownFileType = text; path = Cartfile; sourceTree = SOURCE_ROOT; };
		6F09B6E220F16A8E0002F385 /* Kingfisher.framework */ = {isa = PBXFileReference; lastKnownFileType = wrapper.framework; name = Kingfisher.framework; path = Carthage/Build/iOS/Kingfisher.framework; sourceTree = "<group>"; };
		6F30434720F2179F001D4151 /* IMGImageCacheManager+Helpers.swift */ = {isa = PBXFileReference; lastKnownFileType = sourcecode.swift; path = "IMGImageCacheManager+Helpers.swift"; sourceTree = "<group>"; };
		6F30434B20F219E6001D4151 /* ImageryTests-Bridging-Header.h */ = {isa = PBXFileReference; lastKnownFileType = sourcecode.c.h; path = "ImageryTests-Bridging-Header.h"; sourceTree = "<group>"; };
		6F30434C20F219E6001D4151 /* ImageCacheManagerTests.swift */ = {isa = PBXFileReference; lastKnownFileType = sourcecode.swift; path = ImageCacheManagerTests.swift; sourceTree = "<group>"; };
		6F30434E20F21A1C001D4151 /* TestImageCacheManager.swift */ = {isa = PBXFileReference; lastKnownFileType = sourcecode.swift; path = TestImageCacheManager.swift; sourceTree = "<group>"; };
		6F30435020F21E13001D4151 /* TestCancelable.swift */ = {isa = PBXFileReference; lastKnownFileType = sourcecode.swift; path = TestCancelable.swift; sourceTree = "<group>"; };
		6F30435220F22242001D4151 /* NetworkManagerTests.swift */ = {isa = PBXFileReference; lastKnownFileType = sourcecode.swift; path = NetworkManagerTests.swift; sourceTree = "<group>"; };
		6F30435620F22E34001D4151 /* IMGContentManager.swift */ = {isa = PBXFileReference; lastKnownFileType = sourcecode.swift; path = IMGContentManager.swift; sourceTree = "<group>"; };
		6F30435820F22EF4001D4151 /* IMGContentManager+Helpers.swift */ = {isa = PBXFileReference; lastKnownFileType = sourcecode.swift; path = "IMGContentManager+Helpers.swift"; sourceTree = "<group>"; };
		6F30435A20F238D9001D4151 /* ContentManagerTests.swift */ = {isa = PBXFileReference; lastKnownFileType = sourcecode.swift; path = ContentManagerTests.swift; sourceTree = "<group>"; };
		6F30435E20F239FA001D4151 /* XCTestCase+Extra.swift */ = {isa = PBXFileReference; lastKnownFileType = sourcecode.swift; path = "XCTestCase+Extra.swift"; sourceTree = "<group>"; };
		6F30436020F23A63001D4151 /* ContentItem.json */ = {isa = PBXFileReference; lastKnownFileType = text.json; path = ContentItem.json; sourceTree = "<group>"; };
		6F30436220F23E4E001D4151 /* ContentResponse.json */ = {isa = PBXFileReference; lastKnownFileType = text.json; path = ContentResponse.json; sourceTree = "<group>"; };
		6F30436420F24245001D4151 /* TestContentManager.swift */ = {isa = PBXFileReference; lastKnownFileType = sourcecode.swift; path = TestContentManager.swift; sourceTree = "<group>"; };
		6F36EC0420F1760D001E54AF /* IMGNetworkService.swift */ = {isa = PBXFileReference; lastKnownFileType = sourcecode.swift; path = IMGNetworkService.swift; sourceTree = "<group>"; };
		6F36EC0920F177D2001E54AF /* IMGCancelable.swift */ = {isa = PBXFileReference; lastKnownFileType = sourcecode.swift; path = IMGCancelable.swift; sourceTree = "<group>"; };
		6F36EC0D20F17C7D001E54AF /* IMGLocalizedError.swift */ = {isa = PBXFileReference; lastKnownFileType = sourcecode.swift; path = IMGLocalizedError.swift; sourceTree = "<group>"; };
		6F36EC0F20F17F0A001E54AF /* URLComponents+Query.swift */ = {isa = PBXFileReference; lastKnownFileType = sourcecode.swift; path = "URLComponents+Query.swift"; sourceTree = "<group>"; };
		6F36EC1220F18271001E54AF /* IMGContentService.swift */ = {isa = PBXFileReference; lastKnownFileType = sourcecode.swift; path = IMGContentService.swift; sourceTree = "<group>"; };
		6F36EC1720F1882C001E54AF /* IMGResult.swift */ = {isa = PBXFileReference; lastKnownFileType = sourcecode.swift; path = IMGResult.swift; sourceTree = "<group>"; };
		6F36EC1920F191F7001E54AF /* IMGNetworkManager.swift */ = {isa = PBXFileReference; lastKnownFileType = sourcecode.swift; path = IMGNetworkManager.swift; sourceTree = "<group>"; };
		6F7590FA20F24995000C00F5 /* IMGHomeCoordinatorInput.swift */ = {isa = PBXFileReference; lastKnownFileType = sourcecode.swift; path = IMGHomeCoordinatorInput.swift; sourceTree = "<group>"; };
		6F7590FD20F24A71000C00F5 /* IMGListView.swift */ = {isa = PBXFileReference; lastKnownFileType = sourcecode.swift; path = IMGListView.swift; sourceTree = "<group>"; };
		6F7590FF20F24BB8000C00F5 /* IMGCoordinator.swift */ = {isa = PBXFileReference; lastKnownFileType = sourcecode.swift; path = IMGCoordinator.swift; sourceTree = "<group>"; };
		6F75910120F24D8D000C00F5 /* IMGHomeViewController.swift */ = {isa = PBXFileReference; lastKnownFileType = sourcecode.swift; path = IMGHomeViewController.swift; sourceTree = "<group>"; };
		6F75910420F24DD4000C00F5 /* IMGHomeViewInterfaces.swift */ = {isa = PBXFileReference; lastKnownFileType = sourcecode.swift; path = IMGHomeViewInterfaces.swift; sourceTree = "<group>"; };
		6F75910620F25015000C00F5 /* IMGHomeItemCell.swift */ = {isa = PBXFileReference; lastKnownFileType = sourcecode.swift; path = IMGHomeItemCell.swift; sourceTree = "<group>"; };
		6F75910720F25015000C00F5 /* IMGHomeItemCell.xib */ = {isa = PBXFileReference; lastKnownFileType = file.xib; path = IMGHomeItemCell.xib; sourceTree = "<group>"; };
		6F75910A20F252CD000C00F5 /* IMGReusable.swift */ = {isa = PBXFileReference; lastKnownFileType = sourcecode.swift; path = IMGReusable.swift; sourceTree = "<group>"; };
		6FAEBE9B20F0FDF3005F771F /* Imagery.app */ = {isa = PBXFileReference; explicitFileType = wrapper.application; includeInIndex = 0; path = Imagery.app; sourceTree = BUILT_PRODUCTS_DIR; };
		6FAEBE9E20F0FDF3005F771F /* AppDelegate.swift */ = {isa = PBXFileReference; lastKnownFileType = sourcecode.swift; path = AppDelegate.swift; sourceTree = "<group>"; };
		6FAEBEA520F0FDF4005F771F /* Assets.xcassets */ = {isa = PBXFileReference; lastKnownFileType = folder.assetcatalog; path = Assets.xcassets; sourceTree = "<group>"; };
		6FAEBEA820F0FDF4005F771F /* Base */ = {isa = PBXFileReference; lastKnownFileType = file.storyboard; name = Base; path = Base.lproj/LaunchScreen.storyboard; sourceTree = "<group>"; };
		6FAEBEAA20F0FDF4005F771F /* Info.plist */ = {isa = PBXFileReference; lastKnownFileType = text.plist.xml; path = Info.plist; sourceTree = "<group>"; };
		6FAEBEAF20F0FDF4005F771F /* ImageryTests.xctest */ = {isa = PBXFileReference; explicitFileType = wrapper.cfbundle; includeInIndex = 0; path = ImageryTests.xctest; sourceTree = BUILT_PRODUCTS_DIR; };
		6FAEBEB520F0FDF4005F771F /* Info.plist */ = {isa = PBXFileReference; lastKnownFileType = text.plist.xml; path = Info.plist; sourceTree = "<group>"; };
		6FC818AD20F1FE0E00478BCD /* IMGContentService+DataModels.swift */ = {isa = PBXFileReference; lastKnownFileType = sourcecode.swift; path = "IMGContentService+DataModels.swift"; sourceTree = "<group>"; };
		6FC818B020F2063800478BCD /* IMGImageCacheService.swift */ = {isa = PBXFileReference; lastKnownFileType = sourcecode.swift; path = IMGImageCacheService.swift; sourceTree = "<group>"; };
		6FC818B220F20B8E00478BCD /* IMGImageCacheManager.swift */ = {isa = PBXFileReference; lastKnownFileType = sourcecode.swift; path = IMGImageCacheManager.swift; sourceTree = "<group>"; };
		6FE5850720F25A4800F6F095 /* IMGHomePresenter.swift */ = {isa = PBXFileReference; lastKnownFileType = sourcecode.swift; path = IMGHomePresenter.swift; sourceTree = "<group>"; };
		6FE5850920F25CEE00F6F095 /* IMGAlertsCoordinator.swift */ = {isa = PBXFileReference; lastKnownFileType = sourcecode.swift; path = IMGAlertsCoordinator.swift; sourceTree = "<group>"; };
		6FE5850B20F2600000F6F095 /* IMGAppCoordinator.swift */ = {isa = PBXFileReference; lastKnownFileType = sourcecode.swift; path = IMGAppCoordinator.swift; sourceTree = "<group>"; };
		6FE5850D20F2606200F6F095 /* IMGHomeCoordinator.swift */ = {isa = PBXFileReference; lastKnownFileType = sourcecode.swift; path = IMGHomeCoordinator.swift; sourceTree = "<group>"; };
		6FE5850F20F2632500F6F095 /* UIFont+Extra.swift */ = {isa = PBXFileReference; lastKnownFileType = sourcecode.swift; path = "UIFont+Extra.swift"; sourceTree = "<group>"; };
		6FE5851120F26AFB00F6F095 /* IMGLoadingIndicator.swift */ = {isa = PBXFileReference; lastKnownFileType = sourcecode.swift; path = IMGLoadingIndicator.swift; sourceTree = "<group>"; };
		6FE5851320F26C5900F6F095 /* IMGHomeLoadingOverlay.swift */ = {isa = PBXFileReference; lastKnownFileType = sourcecode.swift; path = IMGHomeLoadingOverlay.swift; sourceTree = "<group>"; };
		6FE5851620F2712600F6F095 /* IMGDetailsCoordinatorInput.swift */ = {isa = PBXFileReference; lastKnownFileType = sourcecode.swift; path = IMGDetailsCoordinatorInput.swift; sourceTree = "<group>"; };
		6FE5851920F2718200F6F095 /* IMGDetailsViewInterfaces.swift */ = {isa = PBXFileReference; lastKnownFileType = sourcecode.swift; path = IMGDetailsViewInterfaces.swift; sourceTree = "<group>"; };
		6FE5851B20F2738600F6F095 /* IMGDetailsViewController.swift */ = {isa = PBXFileReference; lastKnownFileType = sourcecode.swift; path = IMGDetailsViewController.swift; sourceTree = "<group>"; };
		6FE5851E20F2759900F6F095 /* IMGDetailsTopCell.swift */ = {isa = PBXFileReference; lastKnownFileType = sourcecode.swift; path = IMGDetailsTopCell.swift; sourceTree = "<group>"; };
		6FE5851F20F2759900F6F095 /* IMGDetailsTopCell.xib */ = {isa = PBXFileReference; lastKnownFileType = file.xib; path = IMGDetailsTopCell.xib; sourceTree = "<group>"; };
		6FE5852220F278FD00F6F095 /* UIImageView+Fade.swift */ = {isa = PBXFileReference; lastKnownFileType = sourcecode.swift; path = "UIImageView+Fade.swift"; sourceTree = "<group>"; };
		6FE5852420F27ADD00F6F095 /* IMGDetailsInfoCell.swift */ = {isa = PBXFileReference; lastKnownFileType = sourcecode.swift; path = IMGDetailsInfoCell.swift; sourceTree = "<group>"; };
		6FE5852520F27ADD00F6F095 /* IMGDetailsInfoCell.xib */ = {isa = PBXFileReference; lastKnownFileType = file.xib; path = IMGDetailsInfoCell.xib; sourceTree = "<group>"; };
		6FE5852820F27D3800F6F095 /* IMGDetailsControlCell.swift */ = {isa = PBXFileReference; lastKnownFileType = sourcecode.swift; path = IMGDetailsControlCell.swift; sourceTree = "<group>"; };
		6FE5852920F27D3800F6F095 /* IMGDetailsControlCell.xib */ = {isa = PBXFileReference; lastKnownFileType = file.xib; path = IMGDetailsControlCell.xib; sourceTree = "<group>"; };
		6FE5852D20F2801000F6F095 /* IMGDetailsPresenter.swift */ = {isa = PBXFileReference; lastKnownFileType = sourcecode.swift; path = IMGDetailsPresenter.swift; sourceTree = "<group>"; };
		6FE5852F20F283BC00F6F095 /* IMGDetailsCoordinator.swift */ = {isa = PBXFileReference; lastKnownFileType = sourcecode.swift; path = IMGDetailsCoordinator.swift; sourceTree = "<group>"; };
		6FE5853120F28A2900F6F095 /* README.md */ = {isa = PBXFileReference; fileEncoding = 4; lastKnownFileType = net.daringfireball.markdown; path = README.md; sourceTree = SOURCE_ROOT; };
		6FE5853420F28AED00F6F095 /* IMGFilterViewInterfaces.swift */ = {isa = PBXFileReference; lastKnownFileType = sourcecode.swift; path = IMGFilterViewInterfaces.swift; sourceTree = "<group>"; };
		6FE5853720F28B3B00F6F095 /* IMGFilterCoordinatorInput.swift */ = {isa = PBXFileReference; lastKnownFileType = sourcecode.swift; path = IMGFilterCoordinatorInput.swift; sourceTree = "<group>"; };
		6FE5853920F28C8400F6F095 /* IMGFilterViewController.swift */ = {isa = PBXFileReference; lastKnownFileType = sourcecode.swift; path = IMGFilterViewController.swift; sourceTree = "<group>"; };
		6FE5853B20F28FBD00F6F095 /* IMGFilterOptionsViewController.swift */ = {isa = PBXFileReference; lastKnownFileType = sourcecode.swift; path = IMGFilterOptionsViewController.swift; sourceTree = "<group>"; };
		6FE5853E20F292A100F6F095 /* IMGFilterPresenter.swift */ = {isa = PBXFileReference; lastKnownFileType = sourcecode.swift; path = IMGFilterPresenter.swift; sourceTree = "<group>"; };
		6FE5854020F2978700F6F095 /* IMGFilterCoordinator.swift */ = {isa = PBXFileReference; lastKnownFileType = sourcecode.swift; path = IMGFilterCoordinator.swift; sourceTree = "<group>"; };
/* End PBXFileReference section */

/* Begin PBXFrameworksBuildPhase section */
		6FAEBE9820F0FDF3005F771F /* Frameworks */ = {
			isa = PBXFrameworksBuildPhase;
			buildActionMask = 2147483647;
			files = (
				6F09B6E320F16A8E0002F385 /* Kingfisher.framework in Frameworks */,
			);
			runOnlyForDeploymentPostprocessing = 0;
		};
		6FAEBEAC20F0FDF4005F771F /* Frameworks */ = {
			isa = PBXFrameworksBuildPhase;
			buildActionMask = 2147483647;
			files = (
			);
			runOnlyForDeploymentPostprocessing = 0;
		};
/* End PBXFrameworksBuildPhase section */

/* Begin PBXGroup section */
		6F09B6DA20F133D20002F385 /* Frameworks */ = {
			isa = PBXGroup;
			children = (
				6F09B6E220F16A8E0002F385 /* Kingfisher.framework */,
			);
			name = Frameworks;
			sourceTree = "<group>";
		};
		6F09B6DD20F1349C0002F385 /* Services */ = {
			isa = PBXGroup;
			children = (
				6FC818AF20F2062100478BCD /* ImageCache */,
				6FC818AB20F1FD6C00478BCD /* Network */,
				6FC818AC20F1FDC600478BCD /* Content */,
			);
			path = Services;
			sourceTree = "<group>";
		};
		6F30434920F2199B001D4151 /* Mocks */ = {
			isa = PBXGroup;
			children = (
				6F30434E20F21A1C001D4151 /* TestImageCacheManager.swift */,
				6F30435020F21E13001D4151 /* TestCancelable.swift */,
				6F30436420F24245001D4151 /* TestContentManager.swift */,
			);
			path = Mocks;
			sourceTree = "<group>";
		};
		6F30434A20F219B1001D4151 /* Tests */ = {
			isa = PBXGroup;
			children = (
				6F30435A20F238D9001D4151 /* ContentManagerTests.swift */,
				6F30434C20F219E6001D4151 /* ImageCacheManagerTests.swift */,
				6F30435220F22242001D4151 /* NetworkManagerTests.swift */,
			);
			path = Tests;
			sourceTree = "<group>";
		};
		6F30435C20F23936001D4151 /* Resources */ = {
			isa = PBXGroup;
			children = (
				6F30436020F23A63001D4151 /* ContentItem.json */,
				6F30436220F23E4E001D4151 /* ContentResponse.json */,
			);
			path = Resources;
			sourceTree = "<group>";
		};
		6F30436820F248AC001D4151 /* Screens */ = {
			isa = PBXGroup;
			children = (
				6F30436B20F248D0001D4151 /* Details */,
				6F30436A20F248C6001D4151 /* Filter */,
				6F30436920F248BD001D4151 /* Home */,
			);
			path = Screens;
			sourceTree = "<group>";
		};
		6F30436920F248BD001D4151 /* Home */ = {
			isa = PBXGroup;
			children = (
				6F7590F920F24938000C00F5 /* Coordinator */,
				6F7590FC20F24A41000C00F5 /* Presenter */,
				6F75910320F24D94000C00F5 /* View */,
			);
			path = Home;
			sourceTree = "<group>";
		};
		6F30436A20F248C6001D4151 /* Filter */ = {
			isa = PBXGroup;
			children = (
				6FE5853620F28B2800F6F095 /* Coordinator */,
				6FE5853D20F2929100F6F095 /* Presenter */,
				6FE5853320F28A8200F6F095 /* View */,
			);
			path = Filter;
			sourceTree = "<group>";
		};
		6F30436B20F248D0001D4151 /* Details */ = {
			isa = PBXGroup;
			children = (
				6FE5851520F270E100F6F095 /* Coordinator */,
				6FE5852C20F2800100F6F095 /* Presenter */,
				6FE5851820F2716D00F6F095 /* View */,
			);
			path = Details;
			sourceTree = "<group>";
		};
		6F36EBFF20F1751F001E54AF /* AppDelegate */ = {
			isa = PBXGroup;
			children = (
				6FAEBE9E20F0FDF3005F771F /* AppDelegate.swift */,
				6FE5850B20F2600000F6F095 /* IMGAppCoordinator.swift */,
			);
			path = AppDelegate;
			sourceTree = "<group>";
		};
		6F36EC0620F1762E001E54AF /* System */ = {
			isa = PBXGroup;
			children = (
				6F36EC1620F187E1001E54AF /* DataModels */,
				6F36EC0820F17654001E54AF /* Extensions */,
				6F36EC0720F17634001E54AF /* Protocols */,
				6F09B6DD20F1349C0002F385 /* Services */,
			);
			path = System;
			sourceTree = "<group>";
		};
		6F36EC0720F17634001E54AF /* Protocols */ = {
			isa = PBXGroup;
			children = (
				6FE5850920F25CEE00F6F095 /* IMGAlertsCoordinator.swift */,
				6F36EC0920F177D2001E54AF /* IMGCancelable.swift */,
				6F7590FF20F24BB8000C00F5 /* IMGCoordinator.swift */,
				6F7590FD20F24A71000C00F5 /* IMGListView.swift */,
				6FE5851120F26AFB00F6F095 /* IMGLoadingIndicator.swift */,
				6F75910A20F252CD000C00F5 /* IMGReusable.swift */,
			);
			path = Protocols;
			sourceTree = "<group>";
		};
		6F36EC0820F17654001E54AF /* Extensions */ = {
			isa = PBXGroup;
			children = (
				6F36EC0F20F17F0A001E54AF /* URLComponents+Query.swift */,
				6FE5850F20F2632500F6F095 /* UIFont+Extra.swift */,
				6FE5852220F278FD00F6F095 /* UIImageView+Fade.swift */,
			);
			path = Extensions;
			sourceTree = "<group>";
		};
		6F36EC1620F187E1001E54AF /* DataModels */ = {
			isa = PBXGroup;
			children = (
				6F36EC1720F1882C001E54AF /* IMGResult.swift */,
				6F36EC0D20F17C7D001E54AF /* IMGLocalizedError.swift */,
			);
			path = DataModels;
			sourceTree = "<group>";
		};
		6F7590F920F24938000C00F5 /* Coordinator */ = {
			isa = PBXGroup;
			children = (
				6F7590FA20F24995000C00F5 /* IMGHomeCoordinatorInput.swift */,
				6FE5850D20F2606200F6F095 /* IMGHomeCoordinator.swift */,
			);
			path = Coordinator;
			sourceTree = "<group>";
		};
		6F7590FC20F24A41000C00F5 /* Presenter */ = {
			isa = PBXGroup;
			children = (
				6FE5850720F25A4800F6F095 /* IMGHomePresenter.swift */,
			);
			path = Presenter;
			sourceTree = "<group>";
		};
		6F75910320F24D94000C00F5 /* View */ = {
			isa = PBXGroup;
			children = (
				6F75910420F24DD4000C00F5 /* IMGHomeViewInterfaces.swift */,
				6F75910120F24D8D000C00F5 /* IMGHomeViewController.swift */,
				6F75910620F25015000C00F5 /* IMGHomeItemCell.swift */,
				6F75910720F25015000C00F5 /* IMGHomeItemCell.xib */,
				6FE5851320F26C5900F6F095 /* IMGHomeLoadingOverlay.swift */,
			);
			path = View;
			sourceTree = "<group>";
		};
		6FAEBE9220F0FDF3005F771F = {
			isa = PBXGroup;
			children = (
				6FAEBE9D20F0FDF3005F771F /* Imagery */,
				6FAEBEB220F0FDF4005F771F /* ImageryTests */,
				6FAEBE9C20F0FDF3005F771F /* Products */,
				6F09B6DA20F133D20002F385 /* Frameworks */,
			);
			sourceTree = "<group>";
		};
		6FAEBE9C20F0FDF3005F771F /* Products */ = {
			isa = PBXGroup;
			children = (
				6FAEBE9B20F0FDF3005F771F /* Imagery.app */,
				6FAEBEAF20F0FDF4005F771F /* ImageryTests.xctest */,
			);
			name = Products;
			sourceTree = "<group>";
		};
		6FAEBE9D20F0FDF3005F771F /* Imagery */ = {
			isa = PBXGroup;
			children = (
				6FAEBEC120F106DC005F771F /* Classes */,
				6FAEBEC020F106D2005F771F /* Resources */,
			);
			path = Imagery;
			sourceTree = "<group>";
		};
		6FAEBEB220F0FDF4005F771F /* ImageryTests */ = {
			isa = PBXGroup;
			children = (
				6F30435C20F23936001D4151 /* Resources */,
				6F30434A20F219B1001D4151 /* Tests */,
				6F30434920F2199B001D4151 /* Mocks */,
				6FAEBEB520F0FDF4005F771F /* Info.plist */,
				6F30434B20F219E6001D4151 /* ImageryTests-Bridging-Header.h */,
				6F30435E20F239FA001D4151 /* XCTestCase+Extra.swift */,
			);
			path = ImageryTests;
			sourceTree = "<group>";
		};
		6FAEBEC020F106D2005F771F /* Resources */ = {
			isa = PBXGroup;
			children = (
				6FE5853120F28A2900F6F095 /* README.md */,
				6F09B6E020F168860002F385 /* Cartfile */,
				6FAEBEA520F0FDF4005F771F /* Assets.xcassets */,
				6FAEBEA720F0FDF4005F771F /* LaunchScreen.storyboard */,
				6FAEBEAA20F0FDF4005F771F /* Info.plist */,
			);
			path = Resources;
			sourceTree = "<group>";
		};
		6FAEBEC120F106DC005F771F /* Classes */ = {
			isa = PBXGroup;
			children = (
				6F36EBFF20F1751F001E54AF /* AppDelegate */,
				6F30436820F248AC001D4151 /* Screens */,
				6F36EC0620F1762E001E54AF /* System */,
			);
			path = Classes;
			sourceTree = "<group>";
		};
		6FC818AB20F1FD6C00478BCD /* Network */ = {
			isa = PBXGroup;
			children = (
				6F36EC1920F191F7001E54AF /* IMGNetworkManager.swift */,
				6F36EC0420F1760D001E54AF /* IMGNetworkService.swift */,
			);
			path = Network;
			sourceTree = "<group>";
		};
		6FC818AC20F1FDC600478BCD /* Content */ = {
			isa = PBXGroup;
			children = (
				6F30435620F22E34001D4151 /* IMGContentManager.swift */,
				6F30435820F22EF4001D4151 /* IMGContentManager+Helpers.swift */,
				6F36EC1220F18271001E54AF /* IMGContentService.swift */,
				6FC818AD20F1FE0E00478BCD /* IMGContentService+DataModels.swift */,
			);
			path = Content;
			sourceTree = "<group>";
		};
		6FC818AF20F2062100478BCD /* ImageCache */ = {
			isa = PBXGroup;
			children = (
				6FC818B220F20B8E00478BCD /* IMGImageCacheManager.swift */,
				6F30434720F2179F001D4151 /* IMGImageCacheManager+Helpers.swift */,
				6FC818B020F2063800478BCD /* IMGImageCacheService.swift */,
			);
			path = ImageCache;
			sourceTree = "<group>";
		};
		6FE5851520F270E100F6F095 /* Coordinator */ = {
			isa = PBXGroup;
			children = (
				6FE5851620F2712600F6F095 /* IMGDetailsCoordinatorInput.swift */,
				6FE5852F20F283BC00F6F095 /* IMGDetailsCoordinator.swift */,
			);
			path = Coordinator;
			sourceTree = "<group>";
		};
		6FE5851820F2716D00F6F095 /* View */ = {
			isa = PBXGroup;
			children = (
				6FE5851920F2718200F6F095 /* IMGDetailsViewInterfaces.swift */,
				6FE5851B20F2738600F6F095 /* IMGDetailsViewController.swift */,
				6FE5851D20F274D700F6F095 /* Cells */,
			);
			path = View;
			sourceTree = "<group>";
		};
		6FE5851D20F274D700F6F095 /* Cells */ = {
			isa = PBXGroup;
			children = (
				6FE5851E20F2759900F6F095 /* IMGDetailsTopCell.swift */,
				6FE5851F20F2759900F6F095 /* IMGDetailsTopCell.xib */,
				6FE5852420F27ADD00F6F095 /* IMGDetailsInfoCell.swift */,
				6FE5852520F27ADD00F6F095 /* IMGDetailsInfoCell.xib */,
				6FE5852820F27D3800F6F095 /* IMGDetailsControlCell.swift */,
				6FE5852920F27D3800F6F095 /* IMGDetailsControlCell.xib */,
			);
			path = Cells;
			sourceTree = "<group>";
		};
		6FE5852C20F2800100F6F095 /* Presenter */ = {
			isa = PBXGroup;
			children = (
				6FE5852D20F2801000F6F095 /* IMGDetailsPresenter.swift */,
			);
			path = Presenter;
			sourceTree = "<group>";
		};
		6FE5853320F28A8200F6F095 /* View */ = {
			isa = PBXGroup;
			children = (
				6FE5853420F28AED00F6F095 /* IMGFilterViewInterfaces.swift */,
				6FE5853920F28C8400F6F095 /* IMGFilterViewController.swift */,
				6FE5853B20F28FBD00F6F095 /* IMGFilterOptionsViewController.swift */,
			);
			path = View;
			sourceTree = "<group>";
		};
		6FE5853620F28B2800F6F095 /* Coordinator */ = {
			isa = PBXGroup;
			children = (
				6FE5853720F28B3B00F6F095 /* IMGFilterCoordinatorInput.swift */,
				6FE5854020F2978700F6F095 /* IMGFilterCoordinator.swift */,
			);
			path = Coordinator;
			sourceTree = "<group>";
		};
		6FE5853D20F2929100F6F095 /* Presenter */ = {
			isa = PBXGroup;
			children = (
				6FE5853E20F292A100F6F095 /* IMGFilterPresenter.swift */,
			);
			path = Presenter;
			sourceTree = "<group>";
		};
/* End PBXGroup section */

/* Begin PBXNativeTarget section */
		6FAEBE9A20F0FDF3005F771F /* Imagery */ = {
			isa = PBXNativeTarget;
			buildConfigurationList = 6FAEBEB820F0FDF4005F771F /* Build configuration list for PBXNativeTarget "Imagery" */;
			buildPhases = (
				6FAEBE9720F0FDF3005F771F /* Sources */,
				6FAEBE9820F0FDF3005F771F /* Frameworks */,
				6FAEBE9920F0FDF3005F771F /* Resources */,
				6FAEBEC220F132C4005F771F /* [Carthage] Copy frameworks */,
			);
			buildRules = (
			);
			dependencies = (
			);
			name = Imagery;
			productName = Imagery;
			productReference = 6FAEBE9B20F0FDF3005F771F /* Imagery.app */;
			productType = "com.apple.product-type.application";
		};
		6FAEBEAE20F0FDF4005F771F /* ImageryTests */ = {
			isa = PBXNativeTarget;
			buildConfigurationList = 6FAEBEBB20F0FDF4005F771F /* Build configuration list for PBXNativeTarget "ImageryTests" */;
			buildPhases = (
				6FAEBEAB20F0FDF4005F771F /* Sources */,
				6FAEBEAC20F0FDF4005F771F /* Frameworks */,
				6FAEBEAD20F0FDF4005F771F /* Resources */,
			);
			buildRules = (
			);
			dependencies = (
				6FAEBEB120F0FDF4005F771F /* PBXTargetDependency */,
			);
			name = ImageryTests;
			productName = ImageryTests;
			productReference = 6FAEBEAF20F0FDF4005F771F /* ImageryTests.xctest */;
			productType = "com.apple.product-type.bundle.unit-test";
		};
/* End PBXNativeTarget section */

/* Begin PBXProject section */
		6FAEBE9320F0FDF3005F771F /* Project object */ = {
			isa = PBXProject;
			attributes = {
				CLASSPREFIX = IMG;
				LastSwiftUpdateCheck = 0930;
				LastUpgradeCheck = 0930;
				ORGANIZATIONNAME = "Mykola Denysyuk";
				TargetAttributes = {
					6FAEBE9A20F0FDF3005F771F = {
						CreatedOnToolsVersion = 9.3;
					};
					6FAEBEAE20F0FDF4005F771F = {
						CreatedOnToolsVersion = 9.3;
						LastSwiftMigration = 0930;
						TestTargetID = 6FAEBE9A20F0FDF3005F771F;
					};
				};
			};
			buildConfigurationList = 6FAEBE9620F0FDF3005F771F /* Build configuration list for PBXProject "Imagery" */;
			compatibilityVersion = "Xcode 9.3";
			developmentRegion = en;
			hasScannedForEncodings = 0;
			knownRegions = (
				en,
				Base,
			);
			mainGroup = 6FAEBE9220F0FDF3005F771F;
			productRefGroup = 6FAEBE9C20F0FDF3005F771F /* Products */;
			projectDirPath = "";
			projectRoot = "";
			targets = (
				6FAEBE9A20F0FDF3005F771F /* Imagery */,
				6FAEBEAE20F0FDF4005F771F /* ImageryTests */,
			);
		};
/* End PBXProject section */

/* Begin PBXResourcesBuildPhase section */
		6FAEBE9920F0FDF3005F771F /* Resources */ = {
			isa = PBXResourcesBuildPhase;
			buildActionMask = 2147483647;
			files = (
				6FE5852720F27ADD00F6F095 /* IMGDetailsInfoCell.xib in Resources */,
				6FAEBEA920F0FDF4005F771F /* LaunchScreen.storyboard in Resources */,
				6F75910920F25015000C00F5 /* IMGHomeItemCell.xib in Resources */,
				6FE5852120F2759900F6F095 /* IMGDetailsTopCell.xib in Resources */,
				6FE5852B20F27D3800F6F095 /* IMGDetailsControlCell.xib in Resources */,
				6F09B6E120F168860002F385 /* Cartfile in Resources */,
				6FE5853220F28A2900F6F095 /* README.md in Resources */,
				6FAEBEA620F0FDF4005F771F /* Assets.xcassets in Resources */,
			);
			runOnlyForDeploymentPostprocessing = 0;
		};
		6FAEBEAD20F0FDF4005F771F /* Resources */ = {
			isa = PBXResourcesBuildPhase;
			buildActionMask = 2147483647;
			files = (
				6F30436320F240C3001D4151 /* ContentResponse.json in Resources */,
				6F30436120F23A63001D4151 /* ContentItem.json in Resources */,
			);
			runOnlyForDeploymentPostprocessing = 0;
		};
/* End PBXResourcesBuildPhase section */

/* Begin PBXShellScriptBuildPhase section */
		6FAEBEC220F132C4005F771F /* [Carthage] Copy frameworks */ = {
			isa = PBXShellScriptBuildPhase;
			buildActionMask = 2147483647;
			files = (
			);
			inputPaths = (
				"$(SRCROOT)/Carthage/Build/iOS/Kingfisher.framework",
			);
			name = "[Carthage] Copy frameworks";
			outputPaths = (
				"$(BUILT_PRODUCTS_DIR)/$(FRAMEWORKS_FOLDER_PATH)/Kingfisher.framework",
			);
			runOnlyForDeploymentPostprocessing = 0;
			shellPath = /bin/sh;
			shellScript = "/usr/local/bin/carthage copy-frameworks";
		};
/* End PBXShellScriptBuildPhase section */

/* Begin PBXSourcesBuildPhase section */
		6FAEBE9720F0FDF3005F771F /* Sources */ = {
			isa = PBXSourcesBuildPhase;
			buildActionMask = 2147483647;
			files = (
				6FE5853520F28AED00F6F095 /* IMGFilterViewInterfaces.swift in Sources */,
				6F7590FE20F24A71000C00F5 /* IMGListView.swift in Sources */,
				6FE5850820F25A4800F6F095 /* IMGHomePresenter.swift in Sources */,
				6F75910820F25015000C00F5 /* IMGHomeItemCell.swift in Sources */,
				6FE5854120F2978700F6F095 /* IMGFilterCoordinator.swift in Sources */,
				6F30434820F2179F001D4151 /* IMGImageCacheManager+Helpers.swift in Sources */,
				6FE5852320F278FD00F6F095 /* UIImageView+Fade.swift in Sources */,
				6FE5850C20F2600000F6F095 /* IMGAppCoordinator.swift in Sources */,
				6FC818B320F20B8E00478BCD /* IMGImageCacheManager.swift in Sources */,
				6FE5853C20F28FBD00F6F095 /* IMGFilterOptionsViewController.swift in Sources */,
				6F36EC1820F1882C001E54AF /* IMGResult.swift in Sources */,
				6FE5851020F2632500F6F095 /* UIFont+Extra.swift in Sources */,
				6FE5853A20F28C8400F6F095 /* IMGFilterViewController.swift in Sources */,
				6FE5852020F2759900F6F095 /* IMGDetailsTopCell.swift in Sources */,
				6FE5852A20F27D3800F6F095 /* IMGDetailsControlCell.swift in Sources */,
				6FE5851C20F2738600F6F095 /* IMGDetailsViewController.swift in Sources */,
				6F75910020F24BB8000C00F5 /* IMGCoordinator.swift in Sources */,
				6F7590FB20F24995000C00F5 /* IMGHomeCoordinatorInput.swift in Sources */,
				6FE5850A20F25CEE00F6F095 /* IMGAlertsCoordinator.swift in Sources */,
				6FE5853F20F292A100F6F095 /* IMGFilterPresenter.swift in Sources */,
				6F30435920F22EF4001D4151 /* IMGContentManager+Helpers.swift in Sources */,
				6F36EC1020F17F0A001E54AF /* URLComponents+Query.swift in Sources */,
				6FC818B120F2063800478BCD /* IMGImageCacheService.swift in Sources */,
				6F75910220F24D8D000C00F5 /* IMGHomeViewController.swift in Sources */,
				6FE5852E20F2801000F6F095 /* IMGDetailsPresenter.swift in Sources */,
				6F75910B20F252CD000C00F5 /* IMGReusable.swift in Sources */,
				6F36EC1A20F191F7001E54AF /* IMGNetworkManager.swift in Sources */,
				6F36EC0A20F177D2001E54AF /* IMGCancelable.swift in Sources */,
				6FE5851220F26AFB00F6F095 /* IMGLoadingIndicator.swift in Sources */,
				6FE5851720F2712600F6F095 /* IMGDetailsCoordinatorInput.swift in Sources */,
				6F75910520F24DD4000C00F5 /* IMGHomeViewInterfaces.swift in Sources */,
				6FE5851420F26C5900F6F095 /* IMGHomeLoadingOverlay.swift in Sources */,
				6F30435720F22E34001D4151 /* IMGContentManager.swift in Sources */,
				6FE5852620F27ADD00F6F095 /* IMGDetailsInfoCell.swift in Sources */,
				6FC818AE20F1FE0E00478BCD /* IMGContentService+DataModels.swift in Sources */,
				6FE5853820F28B3B00F6F095 /* IMGFilterCoordinatorInput.swift in Sources */,
				6FE5853020F283BC00F6F095 /* IMGDetailsCoordinator.swift in Sources */,
				6FAEBE9F20F0FDF3005F771F /* AppDelegate.swift in Sources */,
				6F36EC1320F18271001E54AF /* IMGContentService.swift in Sources */,
				6F36EC0520F1760D001E54AF /* IMGNetworkService.swift in Sources */,
				6FE5851A20F2718200F6F095 /* IMGDetailsViewInterfaces.swift in Sources */,
				6FE5850E20F2606200F6F095 /* IMGHomeCoordinator.swift in Sources */,
				6F36EC0E20F17C7D001E54AF /* IMGLocalizedError.swift in Sources */,
			);
			runOnlyForDeploymentPostprocessing = 0;
		};
		6FAEBEAB20F0FDF4005F771F /* Sources */ = {
			isa = PBXSourcesBuildPhase;
			buildActionMask = 2147483647;
			files = (
				6F30435320F22242001D4151 /* NetworkManagerTests.swift in Sources */,
				6F30436520F24245001D4151 /* TestContentManager.swift in Sources */,
				6F30434F20F21A1C001D4151 /* TestImageCacheManager.swift in Sources */,
				6F30435B20F238D9001D4151 /* ContentManagerTests.swift in Sources */,
				6F30435120F21E13001D4151 /* TestCancelable.swift in Sources */,
				6F30434D20F219E6001D4151 /* ImageCacheManagerTests.swift in Sources */,
				6F30435F20F239FA001D4151 /* XCTestCase+Extra.swift in Sources */,
			);
			runOnlyForDeploymentPostprocessing = 0;
		};
/* End PBXSourcesBuildPhase section */

/* Begin PBXTargetDependency section */
		6FAEBEB120F0FDF4005F771F /* PBXTargetDependency */ = {
			isa = PBXTargetDependency;
			target = 6FAEBE9A20F0FDF3005F771F /* Imagery */;
			targetProxy = 6FAEBEB020F0FDF4005F771F /* PBXContainerItemProxy */;
		};
/* End PBXTargetDependency section */

/* Begin PBXVariantGroup section */
		6FAEBEA720F0FDF4005F771F /* LaunchScreen.storyboard */ = {
			isa = PBXVariantGroup;
			children = (
				6FAEBEA820F0FDF4005F771F /* Base */,
			);
			name = LaunchScreen.storyboard;
			sourceTree = "<group>";
		};
/* End PBXVariantGroup section */

/* Begin XCBuildConfiguration section */
		6FAEBEB620F0FDF4005F771F /* Debug */ = {
			isa = XCBuildConfiguration;
			buildSettings = {
				ALWAYS_SEARCH_USER_PATHS = NO;
				CLANG_ANALYZER_NONNULL = YES;
				CLANG_ANALYZER_NUMBER_OBJECT_CONVERSION = YES_AGGRESSIVE;
				CLANG_CXX_LANGUAGE_STANDARD = "gnu++14";
				CLANG_CXX_LIBRARY = "libc++";
				CLANG_ENABLE_MODULES = YES;
				CLANG_ENABLE_OBJC_ARC = YES;
				CLANG_ENABLE_OBJC_WEAK = YES;
				CLANG_WARN_BLOCK_CAPTURE_AUTORELEASING = YES;
				CLANG_WARN_BOOL_CONVERSION = YES;
				CLANG_WARN_COMMA = YES;
				CLANG_WARN_CONSTANT_CONVERSION = YES;
				CLANG_WARN_DEPRECATED_OBJC_IMPLEMENTATIONS = YES;
				CLANG_WARN_DIRECT_OBJC_ISA_USAGE = YES_ERROR;
				CLANG_WARN_DOCUMENTATION_COMMENTS = YES;
				CLANG_WARN_EMPTY_BODY = YES;
				CLANG_WARN_ENUM_CONVERSION = YES;
				CLANG_WARN_INFINITE_RECURSION = YES;
				CLANG_WARN_INT_CONVERSION = YES;
				CLANG_WARN_NON_LITERAL_NULL_CONVERSION = YES;
				CLANG_WARN_OBJC_IMPLICIT_RETAIN_SELF = YES;
				CLANG_WARN_OBJC_LITERAL_CONVERSION = YES;
				CLANG_WARN_OBJC_ROOT_CLASS = YES_ERROR;
				CLANG_WARN_RANGE_LOOP_ANALYSIS = YES;
				CLANG_WARN_STRICT_PROTOTYPES = YES;
				CLANG_WARN_SUSPICIOUS_MOVE = YES;
				CLANG_WARN_UNGUARDED_AVAILABILITY = YES_AGGRESSIVE;
				CLANG_WARN_UNREACHABLE_CODE = YES;
				CLANG_WARN__DUPLICATE_METHOD_MATCH = YES;
				CODE_SIGN_IDENTITY = "iPhone Developer";
				COPY_PHASE_STRIP = NO;
				DEBUG_INFORMATION_FORMAT = dwarf;
				ENABLE_STRICT_OBJC_MSGSEND = YES;
				ENABLE_TESTABILITY = YES;
				GCC_C_LANGUAGE_STANDARD = gnu11;
				GCC_DYNAMIC_NO_PIC = NO;
				GCC_NO_COMMON_BLOCKS = YES;
				GCC_OPTIMIZATION_LEVEL = 0;
				GCC_PREPROCESSOR_DEFINITIONS = (
					"DEBUG=1",
					"$(inherited)",
				);
				GCC_WARN_64_TO_32_BIT_CONVERSION = YES;
				GCC_WARN_ABOUT_RETURN_TYPE = YES_ERROR;
				GCC_WARN_UNDECLARED_SELECTOR = YES;
				GCC_WARN_UNINITIALIZED_AUTOS = YES_AGGRESSIVE;
				GCC_WARN_UNUSED_FUNCTION = YES;
				GCC_WARN_UNUSED_VARIABLE = YES;
				IPHONEOS_DEPLOYMENT_TARGET = 11.3;
				MTL_ENABLE_DEBUG_INFO = YES;
				ONLY_ACTIVE_ARCH = YES;
				SDKROOT = iphoneos;
				SWIFT_ACTIVE_COMPILATION_CONDITIONS = DEBUG;
				SWIFT_OPTIMIZATION_LEVEL = "-Onone";
			};
			name = Debug;
		};
		6FAEBEB720F0FDF4005F771F /* Release */ = {
			isa = XCBuildConfiguration;
			buildSettings = {
				ALWAYS_SEARCH_USER_PATHS = NO;
				CLANG_ANALYZER_NONNULL = YES;
				CLANG_ANALYZER_NUMBER_OBJECT_CONVERSION = YES_AGGRESSIVE;
				CLANG_CXX_LANGUAGE_STANDARD = "gnu++14";
				CLANG_CXX_LIBRARY = "libc++";
				CLANG_ENABLE_MODULES = YES;
				CLANG_ENABLE_OBJC_ARC = YES;
				CLANG_ENABLE_OBJC_WEAK = YES;
				CLANG_WARN_BLOCK_CAPTURE_AUTORELEASING = YES;
				CLANG_WARN_BOOL_CONVERSION = YES;
				CLANG_WARN_COMMA = YES;
				CLANG_WARN_CONSTANT_CONVERSION = YES;
				CLANG_WARN_DEPRECATED_OBJC_IMPLEMENTATIONS = YES;
				CLANG_WARN_DIRECT_OBJC_ISA_USAGE = YES_ERROR;
				CLANG_WARN_DOCUMENTATION_COMMENTS = YES;
				CLANG_WARN_EMPTY_BODY = YES;
				CLANG_WARN_ENUM_CONVERSION = YES;
				CLANG_WARN_INFINITE_RECURSION = YES;
				CLANG_WARN_INT_CONVERSION = YES;
				CLANG_WARN_NON_LITERAL_NULL_CONVERSION = YES;
				CLANG_WARN_OBJC_IMPLICIT_RETAIN_SELF = YES;
				CLANG_WARN_OBJC_LITERAL_CONVERSION = YES;
				CLANG_WARN_OBJC_ROOT_CLASS = YES_ERROR;
				CLANG_WARN_RANGE_LOOP_ANALYSIS = YES;
				CLANG_WARN_STRICT_PROTOTYPES = YES;
				CLANG_WARN_SUSPICIOUS_MOVE = YES;
				CLANG_WARN_UNGUARDED_AVAILABILITY = YES_AGGRESSIVE;
				CLANG_WARN_UNREACHABLE_CODE = YES;
				CLANG_WARN__DUPLICATE_METHOD_MATCH = YES;
				CODE_SIGN_IDENTITY = "iPhone Developer";
				COPY_PHASE_STRIP = NO;
				DEBUG_INFORMATION_FORMAT = "dwarf-with-dsym";
				ENABLE_NS_ASSERTIONS = NO;
				ENABLE_STRICT_OBJC_MSGSEND = YES;
				GCC_C_LANGUAGE_STANDARD = gnu11;
				GCC_NO_COMMON_BLOCKS = YES;
				GCC_WARN_64_TO_32_BIT_CONVERSION = YES;
				GCC_WARN_ABOUT_RETURN_TYPE = YES_ERROR;
				GCC_WARN_UNDECLARED_SELECTOR = YES;
				GCC_WARN_UNINITIALIZED_AUTOS = YES_AGGRESSIVE;
				GCC_WARN_UNUSED_FUNCTION = YES;
				GCC_WARN_UNUSED_VARIABLE = YES;
				IPHONEOS_DEPLOYMENT_TARGET = 11.3;
				MTL_ENABLE_DEBUG_INFO = NO;
				SDKROOT = iphoneos;
				SWIFT_COMPILATION_MODE = wholemodule;
				SWIFT_OPTIMIZATION_LEVEL = "-O";
				VALIDATE_PRODUCT = YES;
			};
			name = Release;
		};
		6FAEBEB920F0FDF4005F771F /* Debug */ = {
			isa = XCBuildConfiguration;
			buildSettings = {
				ASSETCATALOG_COMPILER_APPICON_NAME = AppIcon;
				CODE_SIGN_STYLE = Automatic;
				DEVELOPMENT_TEAM = 64ZQ8745B5;
				FRAMEWORK_SEARCH_PATHS = (
					"$(inherited)",
					"$(PROJECT_DIR)/Carthage/Build/iOS",
				);
				INFOPLIST_FILE = Imagery/Resources/Info.plist;
				LD_RUNPATH_SEARCH_PATHS = (
					"$(inherited)",
					"@executable_path/Frameworks",
				);
				PRODUCT_BUNDLE_IDENTIFIER = mykola.denysyuk.Imagery;
				PRODUCT_NAME = "$(TARGET_NAME)";
				SWIFT_VERSION = 4.0;
				TARGETED_DEVICE_FAMILY = 1;
			};
			name = Debug;
		};
		6FAEBEBA20F0FDF4005F771F /* Release */ = {
			isa = XCBuildConfiguration;
			buildSettings = {
				ASSETCATALOG_COMPILER_APPICON_NAME = AppIcon;
				CLANG_ENABLE_CODE_COVERAGE = NO;
				CODE_SIGN_STYLE = Automatic;
				DEVELOPMENT_TEAM = 64ZQ8745B5;
				FRAMEWORK_SEARCH_PATHS = (
					"$(inherited)",
					"$(PROJECT_DIR)/Carthage/Build/iOS",
				);
				INFOPLIST_FILE = Imagery/Resources/Info.plist;
				LD_RUNPATH_SEARCH_PATHS = (
					"$(inherited)",
					"@executable_path/Frameworks",
				);
				PRODUCT_BUNDLE_IDENTIFIER = mykola.denysyuk.Imagery;
				PRODUCT_NAME = "$(TARGET_NAME)";
				SWIFT_VERSION = 4.0;
				TARGETED_DEVICE_FAMILY = 1;
			};
			name = Release;
		};
		6FAEBEBC20F0FDF4005F771F /* Debug */ = {
			isa = XCBuildConfiguration;
			buildSettings = {
				ALWAYS_EMBED_SWIFT_STANDARD_LIBRARIES = YES;
				BUNDLE_LOADER = "$(TEST_HOST)";
				CLANG_ENABLE_MODULES = YES;
				CODE_SIGN_STYLE = Automatic;
				DEVELOPMENT_TEAM = 64ZQ8745B5;
				INFOPLIST_FILE = ImageryTests/Info.plist;
				LD_RUNPATH_SEARCH_PATHS = (
					"$(inherited)",
					"@executable_path/Frameworks",
					"@loader_path/Frameworks",
				);
				PRODUCT_BUNDLE_IDENTIFIER = mykola.denysyuk.ImageryTests;
				PRODUCT_NAME = "$(TARGET_NAME)";
				SWIFT_OBJC_BRIDGING_HEADER = "ImageryTests/ImageryTests-Bridging-Header.h";
				SWIFT_OPTIMIZATION_LEVEL = "-Onone";
				SWIFT_VERSION = 4.0;
				TARGETED_DEVICE_FAMILY = "1,2";
				TEST_HOST = "$(BUILT_PRODUCTS_DIR)/Imagery.app/Imagery";
			};
			name = Debug;
		};
		6FAEBEBD20F0FDF4005F771F /* Release */ = {
			isa = XCBuildConfiguration;
			buildSettings = {
				ALWAYS_EMBED_SWIFT_STANDARD_LIBRARIES = YES;
				BUNDLE_LOADER = "$(TEST_HOST)";
				CLANG_ENABLE_CODE_COVERAGE = NO;
				CLANG_ENABLE_MODULES = YES;
				CODE_SIGN_STYLE = Automatic;
				DEVELOPMENT_TEAM = 64ZQ8745B5;
				INFOPLIST_FILE = ImageryTests/Info.plist;
				LD_RUNPATH_SEARCH_PATHS = (
					"$(inherited)",
					"@executable_path/Frameworks",
					"@loader_path/Frameworks",
				);
				PRODUCT_BUNDLE_IDENTIFIER = mykola.denysyuk.ImageryTests;
				PRODUCT_NAME = "$(TARGET_NAME)";
				SWIFT_OBJC_BRIDGING_HEADER = "ImageryTests/ImageryTests-Bridging-Header.h";
				SWIFT_VERSION = 4.0;
				TARGETED_DEVICE_FAMILY = "1,2";
				TEST_HOST = "$(BUILT_PRODUCTS_DIR)/Imagery.app/Imagery";
			};
			name = Release;
		};
/* End XCBuildConfiguration section */

/* Begin XCConfigurationList section */
		6FAEBE9620F0FDF3005F771F /* Build configuration list for PBXProject "Imagery" */ = {
			isa = XCConfigurationList;
			buildConfigurations = (
				6FAEBEB620F0FDF4005F771F /* Debug */,
				6FAEBEB720F0FDF4005F771F /* Release */,
			);
			defaultConfigurationIsVisible = 0;
			defaultConfigurationName = Release;
		};
		6FAEBEB820F0FDF4005F771F /* Build configuration list for PBXNativeTarget "Imagery" */ = {
			isa = XCConfigurationList;
			buildConfigurations = (
				6FAEBEB920F0FDF4005F771F /* Debug */,
				6FAEBEBA20F0FDF4005F771F /* Release */,
			);
			defaultConfigurationIsVisible = 0;
			defaultConfigurationName = Release;
		};
		6FAEBEBB20F0FDF4005F771F /* Build configuration list for PBXNativeTarget "ImageryTests" */ = {
			isa = XCConfigurationList;
			buildConfigurations = (
				6FAEBEBC20F0FDF4005F771F /* Debug */,
				6FAEBEBD20F0FDF4005F771F /* Release */,
			);
			defaultConfigurationIsVisible = 0;
			defaultConfigurationName = Release;
		};
/* End XCConfigurationList section */
	};
	rootObject = 6FAEBE9320F0FDF3005F771F /* Project object */;
}
